
Microsoft Visual Studio Solution File, Format Version 12.00
# Visual Studio Version 16
VisualStudioVersion = 16.0.29920.165
MinimumVisualStudioVersion = 10.0.40219.1
Project("{FAE04EC0-301F-11D3-BF4B-00C04F79EFBC}") = "SimonMemoryGame", "SimonMemoryGame.csproj", "{EB1B2C95-CE0C-4F4B-929D-BCC069BC6616}"
EndProject
Global
	GlobalSection(SolutionConfigurationPlatforms) = preSolution
		Debug|Any CPU = Debug|Any CPU
		Release|Any CPU = Release|Any CPU
	EndGlobalSection
	GlobalSection(ProjectConfigurationPlatforms) = postSolution
		{EB1B2C95-CE0C-4F4B-929D-BCC069BC6616}.Debug|Any CPU.ActiveCfg = Debug|Any CPU
		{EB1B2C95-CE0C-4F4B-929D-BCC069BC6616}.Debug|Any CPU.Build.0 = Debug|Any CPU
		{EB1B2C95-CE0C-4F4B-929D-BCC069BC6616}.Release|Any CPU.ActiveCfg = Release|Any CPU
		{EB1B2C95-CE0C-4F4B-929D-BCC069BC6616}.Release|Any CPU.Build.0 = Release|Any CPU
	EndGlobalSection
	GlobalSection(SolutionProperties) = preSolution
		HideSolutionNode = FALSE
	EndGlobalSection
	GlobalSection(ExtensibilityGlobals) = postSolution
		SolutionGuid = {8FF34039-2F6C-4310-8261-EBFDE314DADA}
	EndGlobalSection
EndGlobal
