
Microsoft Visual Studio Solution File, Format Version 12.00
Project("{FAE04EC0-301F-11D3-BF4B-00C04F79EFBC}") = "theorySharp", "theorySharp.csproj", "{C7ABCAEC-F409-4172-ABAF-1C355E527A27}"
EndProject
Project("{2150E333-8FDC-42A3-9474-1A3956D46DE8}") = "Clase 1", "Clase 1", "{E17CAC9A-23F2-48F0-A187-439E1A2A97FE}"
EndProject
Global
	GlobalSection(SolutionConfigurationPlatforms) = preSolution
		Debug|Any CPU = Debug|Any CPU
		Release|Any CPU = Release|Any CPU
	EndGlobalSection
	GlobalSection(ProjectConfigurationPlatforms) = postSolution
		{C7ABCAEC-F409-4172-ABAF-1C355E527A27}.Debug|Any CPU.ActiveCfg = Debug|Any CPU
		{C7ABCAEC-F409-4172-ABAF-1C355E527A27}.Debug|Any CPU.Build.0 = Debug|Any CPU
		{C7ABCAEC-F409-4172-ABAF-1C355E527A27}.Release|Any CPU.ActiveCfg = Release|Any CPU
		{C7ABCAEC-F409-4172-ABAF-1C355E527A27}.Release|Any CPU.Build.0 = Release|Any CPU
	EndGlobalSection
	GlobalSection(NestedProjects) = preSolution
		{C7ABCAEC-F409-4172-ABAF-1C355E527A27} = {E17CAC9A-23F2-48F0-A187-439E1A2A97FE}
	EndGlobalSection
EndGlobal
