
Microsoft Visual Studio Solution File, Format Version 12.00
Project("{2150E333-8FDC-42A3-9474-1A3956D46DE8}") = "Ejercicios", "Ejercicios", "{34F94E8B-B321-41CF-8939-3A2C85DBECCC}"
EndProject
Project("{2150E333-8FDC-42A3-9474-1A3956D46DE8}") = "Clase 2", "Clase 2", "{6665FD2A-2DD8-4E03-934E-211D7CA708BA}"
EndProject
Project("{FAE04EC0-301F-11D3-BF4B-00C04F79EFBC}") = "Ejercicio1", "Ejercicio1\Ejercicio1.csproj", "{17C15B72-D9DB-49DA-9AE1-E075279F51C1}"
EndProject
Project("{2150E333-8FDC-42A3-9474-1A3956D46DE8}") = "Clase 3", "Clase 3", "{BA6D756F-465F-4977-8310-8CE9C4AD3E17}"
EndProject
Project("{FAE04EC0-301F-11D3-BF4B-00C04F79EFBC}") = "Ejercicio2", "Ejercicio2\Ejercicio2.csproj", "{8A52EE61-108E-4892-8B3D-CD79E3D0AE66}"
EndProject
Project("{FAE04EC0-301F-11D3-BF4B-00C04F79EFBC}") = "Ejercicio3", "Ejercicio3\Ejercicio3.csproj", "{6074DF7D-8AD4-417A-A567-E07899B3972E}"
EndProject
Project("{2150E333-8FDC-42A3-9474-1A3956D46DE8}") = "Clase 4", "Clase 4", "{4785F224-65B2-4664-9AED-B76F1B11FEC0}"
EndProject
Project("{FAE04EC0-301F-11D3-BF4B-00C04F79EFBC}") = "Ejercicio4", "Ejercicio4\Ejercicio4.csproj", "{D5464945-9EFD-4F5A-AA66-59ED81DEA8F7}"
EndProject
Project("{2150E333-8FDC-42A3-9474-1A3956D46DE8}") = "Clase 5", "Clase 5", "{1F8089D1-98DD-404C-95A5-5B006EF29D56}"
EndProject
Project("{FAE04EC0-301F-11D3-BF4B-00C04F79EFBC}") = "DadosConApuesta", "DadosConApuesta\DadosConApuesta.csproj", "{7381B36D-6DD6-4F35-9052-F37DB8FAC369}"
EndProject
Project("{2150E333-8FDC-42A3-9474-1A3956D46DE8}") = "Clase 6 ", "Clase 6 ", "{12A062C1-EA7D-48EA-A9A0-42352D2EEE17}"
EndProject
Project("{FAE04EC0-301F-11D3-BF4B-00C04F79EFBC}") = "EjercicioClase", "EjercicioClase\EjercicioClase.csproj", "{54DFAF53-974F-4E36-B55A-8EEC5E24B50C}"
EndProject
Global
	GlobalSection(SolutionConfigurationPlatforms) = preSolution
		Debug|Any CPU = Debug|Any CPU
		Release|Any CPU = Release|Any CPU
	EndGlobalSection
	GlobalSection(ProjectConfigurationPlatforms) = postSolution
		{17C15B72-D9DB-49DA-9AE1-E075279F51C1}.Debug|Any CPU.ActiveCfg = Debug|Any CPU
		{17C15B72-D9DB-49DA-9AE1-E075279F51C1}.Debug|Any CPU.Build.0 = Debug|Any CPU
		{17C15B72-D9DB-49DA-9AE1-E075279F51C1}.Release|Any CPU.ActiveCfg = Release|Any CPU
		{17C15B72-D9DB-49DA-9AE1-E075279F51C1}.Release|Any CPU.Build.0 = Release|Any CPU
		{8A52EE61-108E-4892-8B3D-CD79E3D0AE66}.Debug|Any CPU.ActiveCfg = Debug|Any CPU
		{8A52EE61-108E-4892-8B3D-CD79E3D0AE66}.Debug|Any CPU.Build.0 = Debug|Any CPU
		{8A52EE61-108E-4892-8B3D-CD79E3D0AE66}.Release|Any CPU.ActiveCfg = Release|Any CPU
		{8A52EE61-108E-4892-8B3D-CD79E3D0AE66}.Release|Any CPU.Build.0 = Release|Any CPU
		{6074DF7D-8AD4-417A-A567-E07899B3972E}.Debug|Any CPU.ActiveCfg = Debug|Any CPU
		{6074DF7D-8AD4-417A-A567-E07899B3972E}.Debug|Any CPU.Build.0 = Debug|Any CPU
		{6074DF7D-8AD4-417A-A567-E07899B3972E}.Release|Any CPU.ActiveCfg = Release|Any CPU
		{6074DF7D-8AD4-417A-A567-E07899B3972E}.Release|Any CPU.Build.0 = Release|Any CPU
		{D5464945-9EFD-4F5A-AA66-59ED81DEA8F7}.Debug|Any CPU.ActiveCfg = Debug|Any CPU
		{D5464945-9EFD-4F5A-AA66-59ED81DEA8F7}.Debug|Any CPU.Build.0 = Debug|Any CPU
		{D5464945-9EFD-4F5A-AA66-59ED81DEA8F7}.Release|Any CPU.ActiveCfg = Release|Any CPU
		{D5464945-9EFD-4F5A-AA66-59ED81DEA8F7}.Release|Any CPU.Build.0 = Release|Any CPU
		{7381B36D-6DD6-4F35-9052-F37DB8FAC369}.Debug|Any CPU.ActiveCfg = Debug|Any CPU
		{7381B36D-6DD6-4F35-9052-F37DB8FAC369}.Debug|Any CPU.Build.0 = Debug|Any CPU
		{7381B36D-6DD6-4F35-9052-F37DB8FAC369}.Release|Any CPU.ActiveCfg = Release|Any CPU
		{7381B36D-6DD6-4F35-9052-F37DB8FAC369}.Release|Any CPU.Build.0 = Release|Any CPU
		{54DFAF53-974F-4E36-B55A-8EEC5E24B50C}.Debug|Any CPU.ActiveCfg = Debug|Any CPU
		{54DFAF53-974F-4E36-B55A-8EEC5E24B50C}.Debug|Any CPU.Build.0 = Debug|Any CPU
		{54DFAF53-974F-4E36-B55A-8EEC5E24B50C}.Release|Any CPU.ActiveCfg = Release|Any CPU
		{54DFAF53-974F-4E36-B55A-8EEC5E24B50C}.Release|Any CPU.Build.0 = Release|Any CPU
	EndGlobalSection
	GlobalSection(NestedProjects) = preSolution
		{6665FD2A-2DD8-4E03-934E-211D7CA708BA} = {34F94E8B-B321-41CF-8939-3A2C85DBECCC}
		{17C15B72-D9DB-49DA-9AE1-E075279F51C1} = {6665FD2A-2DD8-4E03-934E-211D7CA708BA}
		{BA6D756F-465F-4977-8310-8CE9C4AD3E17} = {34F94E8B-B321-41CF-8939-3A2C85DBECCC}
		{8A52EE61-108E-4892-8B3D-CD79E3D0AE66} = {BA6D756F-465F-4977-8310-8CE9C4AD3E17}
		{6074DF7D-8AD4-417A-A567-E07899B3972E} = {BA6D756F-465F-4977-8310-8CE9C4AD3E17}
		{4785F224-65B2-4664-9AED-B76F1B11FEC0} = {34F94E8B-B321-41CF-8939-3A2C85DBECCC}
		{D5464945-9EFD-4F5A-AA66-59ED81DEA8F7} = {4785F224-65B2-4664-9AED-B76F1B11FEC0}
		{1F8089D1-98DD-404C-95A5-5B006EF29D56} = {34F94E8B-B321-41CF-8939-3A2C85DBECCC}
		{7381B36D-6DD6-4F35-9052-F37DB8FAC369} = {1F8089D1-98DD-404C-95A5-5B006EF29D56}
		{12A062C1-EA7D-48EA-A9A0-42352D2EEE17} = {34F94E8B-B321-41CF-8939-3A2C85DBECCC}
		{54DFAF53-974F-4E36-B55A-8EEC5E24B50C} = {1F8089D1-98DD-404C-95A5-5B006EF29D56}
	EndGlobalSection
EndGlobal
